// !$*UTF8*$!
{
	archiveVersion = 1;
	classes = {
	};
	objectVersion = 46;
	objects = {

/* Begin PBXBuildFile section */
		408B2E911BB93DBB001E3515 /* AppDelegate.swift in Sources */ = {isa = PBXBuildFile; fileRef = 408B2E901BB93DBB001E3515 /* AppDelegate.swift */; };
		408B2E931BB93DBB001E3515 /* Images.xcassets in Resources */ = {isa = PBXBuildFile; fileRef = 408B2E921BB93DBB001E3515 /* Images.xcassets */; };
		408B2E961BB93DBB001E3515 /* MainMenu.xib in Resources */ = {isa = PBXBuildFile; fileRef = 408B2E941BB93DBB001E3515 /* MainMenu.xib */; };
		408B2EA21BB93DBB001E3515 /* Offline_Time_HelperTests.swift in Sources */ = {isa = PBXBuildFile; fileRef = 408B2EA11BB93DBB001E3515 /* Offline_Time_HelperTests.swift */; };
/* End PBXBuildFile section */

/* Begin PBXContainerItemProxy section */
		408B2E9C1BB93DBB001E3515 /* PBXContainerItemProxy */ = {
			isa = PBXContainerItemProxy;
			containerPortal = 408B2E831BB93DBB001E3515 /* Project object */;
			proxyType = 1;
			remoteGlobalIDString = 408B2E8A1BB93DBB001E3515;
			remoteInfo = "Offline Time Helper";
		};
/* End PBXContainerItemProxy section */

/* Begin PBXFileReference section */
		408B2E8B1BB93DBB001E3515 /* Offline Time Helper.app */ = {isa = PBXFileReference; explicitFileType = wrapper.application; includeInIndex = 0; path = "Offline Time Helper.app"; sourceTree = BUILT_PRODUCTS_DIR; };
		408B2E8F1BB93DBB001E3515 /* Info.plist */ = {isa = PBXFileReference; lastKnownFileType = text.plist.xml; path = Info.plist; sourceTree = "<group>"; };
		408B2E901BB93DBB001E3515 /* AppDelegate.swift */ = {isa = PBXFileReference; lastKnownFileType = sourcecode.swift; path = AppDelegate.swift; sourceTree = "<group>"; };
		408B2E921BB93DBB001E3515 /* Images.xcassets */ = {isa = PBXFileReference; lastKnownFileType = folder.assetcatalog; path = Images.xcassets; sourceTree = "<group>"; };
		408B2E951BB93DBB001E3515 /* Base */ = {isa = PBXFileReference; lastKnownFileType = file.xib; name = Base; path = Base.lproj/MainMenu.xib; sourceTree = "<group>"; };
		408B2E9B1BB93DBB001E3515 /* Offline Time HelperTests.xctest */ = {isa = PBXFileReference; explicitFileType = wrapper.cfbundle; includeInIndex = 0; path = "Offline Time HelperTests.xctest"; sourceTree = BUILT_PRODUCTS_DIR; };
		408B2EA01BB93DBB001E3515 /* Info.plist */ = {isa = PBXFileReference; lastKnownFileType = text.plist.xml; path = Info.plist; sourceTree = "<group>"; };
		408B2EA11BB93DBB001E3515 /* Offline_Time_HelperTests.swift */ = {isa = PBXFileReference; lastKnownFileType = sourcecode.swift; path = Offline_Time_HelperTests.swift; sourceTree = "<group>"; };
/* End PBXFileReference section */

/* Begin PBXFrameworksBuildPhase section */
		408B2E881BB93DBB001E3515 /* Frameworks */ = {
			isa = PBXFrameworksBuildPhase;
			buildActionMask = 2147483647;
			files = (
			);
			runOnlyForDeploymentPostprocessing = 0;
		};
		408B2E981BB93DBB001E3515 /* Frameworks */ = {
			isa = PBXFrameworksBuildPhase;
			buildActionMask = 2147483647;
			files = (
			);
			runOnlyForDeploymentPostprocessing = 0;
		};
/* End PBXFrameworksBuildPhase section */

/* Begin PBXGroup section */
		408B2E821BB93DBB001E3515 = {
			isa = PBXGroup;
			children = (
				408B2E8D1BB93DBB001E3515 /* Offline Time Helper */,
				408B2E9E1BB93DBB001E3515 /* Offline Time HelperTests */,
				408B2E8C1BB93DBB001E3515 /* Products */,
			);
			sourceTree = "<group>";
		};
		408B2E8C1BB93DBB001E3515 /* Products */ = {
			isa = PBXGroup;
			children = (
				408B2E8B1BB93DBB001E3515 /* Offline Time Helper.app */,
				408B2E9B1BB93DBB001E3515 /* Offline Time HelperTests.xctest */,
			);
			name = Products;
			sourceTree = "<group>";
		};
		408B2E8D1BB93DBB001E3515 /* Offline Time Helper */ = {
			isa = PBXGroup;
			children = (
				408B2E901BB93DBB001E3515 /* AppDelegate.swift */,
				408B2E921BB93DBB001E3515 /* Images.xcassets */,
				408B2E941BB93DBB001E3515 /* MainMenu.xib */,
				408B2E8E1BB93DBB001E3515 /* Supporting Files */,
			);
			path = "Offline Time Helper";
			sourceTree = "<group>";
		};
		408B2E8E1BB93DBB001E3515 /* Supporting Files */ = {
			isa = PBXGroup;
			children = (
				408B2E8F1BB93DBB001E3515 /* Info.plist */,
			);
			name = "Supporting Files";
			sourceTree = "<group>";
		};
		408B2E9E1BB93DBB001E3515 /* Offline Time HelperTests */ = {
			isa = PBXGroup;
			children = (
				408B2EA11BB93DBB001E3515 /* Offline_Time_HelperTests.swift */,
				408B2E9F1BB93DBB001E3515 /* Supporting Files */,
			);
			path = "Offline Time HelperTests";
			sourceTree = "<group>";
		};
		408B2E9F1BB93DBB001E3515 /* Supporting Files */ = {
			isa = PBXGroup;
			children = (
				408B2EA01BB93DBB001E3515 /* Info.plist */,
			);
			name = "Supporting Files";
			sourceTree = "<group>";
		};
/* End PBXGroup section */

/* Begin PBXNativeTarget section */
		408B2E8A1BB93DBB001E3515 /* Offline Time Helper */ = {
			isa = PBXNativeTarget;
			buildConfigurationList = 408B2EA51BB93DBB001E3515 /* Build configuration list for PBXNativeTarget "Offline Time Helper" */;
			buildPhases = (
				408B2E871BB93DBB001E3515 /* Sources */,
				408B2E881BB93DBB001E3515 /* Frameworks */,
				408B2E891BB93DBB001E3515 /* Resources */,
			);
			buildRules = (
			);
			dependencies = (
			);
			name = "Offline Time Helper";
			productName = "Offline Time Helper";
			productReference = 408B2E8B1BB93DBB001E3515 /* Offline Time Helper.app */;
			productType = "com.apple.product-type.application";
		};
		408B2E9A1BB93DBB001E3515 /* Offline Time HelperTests */ = {
			isa = PBXNativeTarget;
			buildConfigurationList = 408B2EA81BB93DBB001E3515 /* Build configuration list for PBXNativeTarget "Offline Time HelperTests" */;
			buildPhases = (
				408B2E971BB93DBB001E3515 /* Sources */,
				408B2E981BB93DBB001E3515 /* Frameworks */,
				408B2E991BB93DBB001E3515 /* Resources */,
			);
			buildRules = (
			);
			dependencies = (
				408B2E9D1BB93DBB001E3515 /* PBXTargetDependency */,
			);
			name = "Offline Time HelperTests";
			productName = "Offline Time HelperTests";
			productReference = 408B2E9B1BB93DBB001E3515 /* Offline Time HelperTests.xctest */;
			productType = "com.apple.product-type.bundle.unit-test";
		};
/* End PBXNativeTarget section */

/* Begin PBXProject section */
		408B2E831BB93DBB001E3515 /* Project object */ = {
			isa = PBXProject;
			attributes = {
				LastUpgradeCheck = 0640;
				ORGANIZATIONNAME = 96Problems;
				TargetAttributes = {
					408B2E8A1BB93DBB001E3515 = {
						CreatedOnToolsVersion = 6.4;
					};
					408B2E9A1BB93DBB001E3515 = {
						CreatedOnToolsVersion = 6.4;
						TestTargetID = 408B2E8A1BB93DBB001E3515;
					};
				};
			};
			buildConfigurationList = 408B2E861BB93DBB001E3515 /* Build configuration list for PBXProject "Offline Time Helper" */;
			compatibilityVersion = "Xcode 3.2";
			developmentRegion = English;
			hasScannedForEncodings = 0;
			knownRegions = (
				en,
				Base,
			);
			mainGroup = 408B2E821BB93DBB001E3515;
			productRefGroup = 408B2E8C1BB93DBB001E3515 /* Products */;
			projectDirPath = "";
			projectRoot = "";
			targets = (
				408B2E8A1BB93DBB001E3515 /* Offline Time Helper */,
				408B2E9A1BB93DBB001E3515 /* Offline Time HelperTests */,
			);
		};
/* End PBXProject section */

/* Begin PBXResourcesBuildPhase section */
		408B2E891BB93DBB001E3515 /* Resources */ = {
			isa = PBXResourcesBuildPhase;
			buildActionMask = 2147483647;
			files = (
				408B2E931BB93DBB001E3515 /* Images.xcassets in Resources */,
				408B2E961BB93DBB001E3515 /* MainMenu.xib in Resources */,
			);
			runOnlyForDeploymentPostprocessing = 0;
		};
		408B2E991BB93DBB001E3515 /* Resources */ = {
			isa = PBXResourcesBuildPhase;
			buildActionMask = 2147483647;
			files = (
			);
			runOnlyForDeploymentPostprocessing = 0;
		};
/* End PBXResourcesBuildPhase section */

/* Begin PBXSourcesBuildPhase section */
		408B2E871BB93DBB001E3515 /* Sources */ = {
			isa = PBXSourcesBuildPhase;
			buildActionMask = 2147483647;
			files = (
				408B2E911BB93DBB001E3515 /* AppDelegate.swift in Sources */,
			);
			runOnlyForDeploymentPostprocessing = 0;
		};
		408B2E971BB93DBB001E3515 /* Sources */ = {
			isa = PBXSourcesBuildPhase;
			buildActionMask = 2147483647;
			files = (
				408B2EA21BB93DBB001E3515 /* Offline_Time_HelperTests.swift in Sources */,
			);
			runOnlyForDeploymentPostprocessing = 0;
		};
/* End PBXSourcesBuildPhase section */

/* Begin PBXTargetDependency section */
		408B2E9D1BB93DBB001E3515 /* PBXTargetDependency */ = {
			isa = PBXTargetDependency;
			target = 408B2E8A1BB93DBB001E3515 /* Offline Time Helper */;
			targetProxy = 408B2E9C1BB93DBB001E3515 /* PBXContainerItemProxy */;
		};
/* End PBXTargetDependency section */

/* Begin PBXVariantGroup section */
		408B2E941BB93DBB001E3515 /* MainMenu.xib */ = {
			isa = PBXVariantGroup;
			children = (
				408B2E951BB93DBB001E3515 /* Base */,
			);
			name = MainMenu.xib;
			sourceTree = "<group>";
		};
/* End PBXVariantGroup section */

/* Begin XCBuildConfiguration section */
		408B2EA31BB93DBB001E3515 /* Debug */ = {
			isa = XCBuildConfiguration;
			buildSettings = {
				ALWAYS_SEARCH_USER_PATHS = NO;
				CLANG_CXX_LANGUAGE_STANDARD = "gnu++0x";
				CLANG_CXX_LIBRARY = "libc++";
				CLANG_ENABLE_MODULES = YES;
				CLANG_ENABLE_OBJC_ARC = YES;
				CLANG_WARN_BOOL_CONVERSION = YES;
				CLANG_WARN_CONSTANT_CONVERSION = YES;
				CLANG_WARN_DIRECT_OBJC_ISA_USAGE = YES_ERROR;
				CLANG_WARN_EMPTY_BODY = YES;
				CLANG_WARN_ENUM_CONVERSION = YES;
				CLANG_WARN_INT_CONVERSION = YES;
				CLANG_WARN_OBJC_ROOT_CLASS = YES_ERROR;
				CLANG_WARN_UNREACHABLE_CODE = YES;
				CLANG_WARN__DUPLICATE_METHOD_MATCH = YES;
				CODE_SIGN_IDENTITY = "-";
				COPY_PHASE_STRIP = NO;
				DEBUG_INFORMATION_FORMAT = dwarf;
				ENABLE_STRICT_OBJC_MSGSEND = YES;
				GCC_C_LANGUAGE_STANDARD = gnu99;
				GCC_DYNAMIC_NO_PIC = NO;
				GCC_NO_COMMON_BLOCKS = YES;
				GCC_OPTIMIZATION_LEVEL = 0;
				GCC_PREPROCESSOR_DEFINITIONS = (
					"DEBUG=1",
					"$(inherited)",
				);
				GCC_SYMBOLS_PRIVATE_EXTERN = NO;
				GCC_WARN_64_TO_32_BIT_CONVERSION = YES;
				GCC_WARN_ABOUT_RETURN_TYPE = YES_ERROR;
				GCC_WARN_UNDECLARED_SELECTOR = YES;
				GCC_WARN_UNINITIALIZED_AUTOS = YES_AGGRESSIVE;
				GCC_WARN_UNUSED_FUNCTION = YES;
				GCC_WARN_UNUSED_VARIABLE = YES;
				MACOSX_DEPLOYMENT_TARGET = 10.10;
				MTL_ENABLE_DEBUG_INFO = YES;
				ONLY_ACTIVE_ARCH = YES;
				SDKROOT = macosx;
				SWIFT_OPTIMIZATION_LEVEL = "-Onone";
			};
			name = Debug;
		};
		408B2EA41BB93DBB001E3515 /* Release */ = {
			isa = XCBuildConfiguration;
			buildSettings = {
				ALWAYS_SEARCH_USER_PATHS = NO;
				CLANG_CXX_LANGUAGE_STANDARD = "gnu++0x";
				CLANG_CXX_LIBRARY = "libc++";
				CLANG_ENABLE_MODULES = YES;
				CLANG_ENABLE_OBJC_ARC = YES;
				CLANG_WARN_BOOL_CONVERSION = YES;
				CLANG_WARN_CONSTANT_CONVERSION = YES;
				CLANG_WARN_DIRECT_OBJC_ISA_USAGE = YES_ERROR;
				CLANG_WARN_EMPTY_BODY = YES;
				CLANG_WARN_ENUM_CONVERSION = YES;
				CLANG_WARN_INT_CONVERSION = YES;
				CLANG_WARN_OBJC_ROOT_CLASS = YES_ERROR;
				CLANG_WARN_UNREACHABLE_CODE = YES;
				CLANG_WARN__DUPLICATE_METHOD_MATCH = YES;
				CODE_SIGN_IDENTITY = "-";
				COPY_PHASE_STRIP = NO;
				DEBUG_INFORMATION_FORMAT = "dwarf-with-dsym";
				ENABLE_NS_ASSERTIONS = NO;
				ENABLE_STRICT_OBJC_MSGSEND = YES;
				GCC_C_LANGUAGE_STANDARD = gnu99;
				GCC_NO_COMMON_BLOCKS = YES;
				GCC_WARN_64_TO_32_BIT_CONVERSION = YES;
				GCC_WARN_ABOUT_RETURN_TYPE = YES_ERROR;
				GCC_WARN_UNDECLARED_SELECTOR = YES;
				GCC_WARN_UNINITIALIZED_AUTOS = YES_AGGRESSIVE;
				GCC_WARN_UNUSED_FUNCTION = YES;
				GCC_WARN_UNUSED_VARIABLE = YES;
				MACOSX_DEPLOYMENT_TARGET = 10.10;
				MTL_ENABLE_DEBUG_INFO = NO;
				SDKROOT = macosx;
			};
			name = Release;
		};
		408B2EA61BB93DBB001E3515 /* Debug */ = {
			isa = XCBuildConfiguration;
			buildSettings = {
				ASSETCATALOG_COMPILER_APPICON_NAME = AppIcon;
				COMBINE_HIDPI_IMAGES = YES;
				INFOPLIST_FILE = "Offline Time Helper/Info.plist";
				LD_RUNPATH_SEARCH_PATHS = "$(inherited) @executable_path/../Frameworks";
				PRODUCT_NAME = "$(TARGET_NAME)";
				SKIP_INSTALL = YES;
			};
			name = Debug;
		};
		408B2EA71BB93DBB001E3515 /* Release */ = {
			isa = XCBuildConfiguration;
			buildSettings = {
				ASSETCATALOG_COMPILER_APPICON_NAME = AppIcon;
				COMBINE_HIDPI_IMAGES = YES;
				INFOPLIST_FILE = "Offline Time Helper/Info.plist";
				LD_RUNPATH_SEARCH_PATHS = "$(inherited) @executable_path/../Frameworks";
				PRODUCT_NAME = "$(TARGET_NAME)";
				SKIP_INSTALL = YES;
			};
			name = Release;
		};
		408B2EA91BB93DBB001E3515 /* Debug */ = {
			isa = XCBuildConfiguration;
			buildSettings = {
				BUNDLE_LOADER = "$(TEST_HOST)";
				COMBINE_HIDPI_IMAGES = YES;
				FRAMEWORK_SEARCH_PATHS = (
					"$(DEVELOPER_FRAMEWORKS_DIR)",
					"$(inherited)",
				);
				GCC_PREPROCESSOR_DEFINITIONS = (
					"DEBUG=1",
					"$(inherited)",
				);
				INFOPLIST_FILE = "Offline Time HelperTests/Info.plist";
				LD_RUNPATH_SEARCH_PATHS = "$(inherited) @executable_path/../Frameworks @loader_path/../Frameworks";
				PRODUCT_NAME = "$(TARGET_NAME)";
				TEST_HOST = "$(BUILT_PRODUCTS_DIR)/Offline Time Helper.app/Contents/MacOS/Offline Time Helper";
			};
			name = Debug;
		};
		408B2EAA1BB93DBB001E3515 /* Release */ = {
			isa = XCBuildConfiguration;
			buildSettings = {
				BUNDLE_LOADER = "$(TEST_HOST)";
				COMBINE_HIDPI_IMAGES = YES;
				FRAMEWORK_SEARCH_PATHS = (
					"$(DEVELOPER_FRAMEWORKS_DIR)",
					"$(inherited)",
				);
				INFOPLIST_FILE = "Offline Time HelperTests/Info.plist";
				LD_RUNPATH_SEARCH_PATHS = "$(inherited) @executable_path/../Frameworks @loader_path/../Frameworks";
				PRODUCT_NAME = "$(TARGET_NAME)";
				TEST_HOST = "$(BUILT_PRODUCTS_DIR)/Offline Time Helper.app/Contents/MacOS/Offline Time Helper";
			};
			name = Release;
		};
/* End XCBuildConfiguration section */

/* Begin XCConfigurationList section */
		408B2E861BB93DBB001E3515 /* Build configuration list for PBXProject "Offline Time Helper" */ = {
			isa = XCConfigurationList;
			buildConfigurations = (
				408B2EA31BB93DBB001E3515 /* Debug */,
				408B2EA41BB93DBB001E3515 /* Release */,
			);
			defaultConfigurationIsVisible = 0;
			defaultConfigurationName = Release;
		};
		408B2EA51BB93DBB001E3515 /* Build configuration list for PBXNativeTarget "Offline Time Helper" */ = {
			isa = XCConfigurationList;
			buildConfigurations = (
				408B2EA61BB93DBB001E3515 /* Debug */,
				408B2EA71BB93DBB001E3515 /* Release */,
			);
			defaultConfigurationIsVisible = 0;
		};
		408B2EA81BB93DBB001E3515 /* Build configuration list for PBXNativeTarget "Offline Time HelperTests" */ = {
			isa = XCConfigurationList;
			buildConfigurations = (
				408B2EA91BB93DBB001E3515 /* Debug */,
				408B2EAA1BB93DBB001E3515 /* Release */,
			);
			defaultConfigurationIsVisible = 0;
		};
/* End XCConfigurationList section */
	};
	rootObject = 408B2E831BB93DBB001E3515 /* Project object */;
}
